// !$*UTF8*$!
{
	archiveVersion = 1;
	classes = {
	};
	objectVersion = 56;
	objects = {

/* Begin PBXBuildFile section */
		D700532A2B905763002CA5BE /* Map.cpp in Sources */ = {isa = PBXBuildFile; fileRef = D70053282B905763002CA5BE /* Map.cpp */; };
		D7B48BF62B80288300A2A94A /* oddlist.cpp in Sources */ = {isa = PBXBuildFile; fileRef = D7B48BF52B80288300A2A94A /* oddlist.cpp */; };
		D7B48C092B802B8700A2A94A /* oddvector.cpp in Sources */ = {isa = PBXBuildFile; fileRef = D7B48BFC2B802ABB00A2A94A /* oddvector.cpp */; };
		D7B48C112B802C2400A2A94A /* badlist.cpp in Sources */ = {isa = PBXBuildFile; fileRef = D7B48C102B802C2400A2A94A /* badlist.cpp */; };
		D7B48C1C2B8031F900A2A94A /* badvector.cpp in Sources */ = {isa = PBXBuildFile; fileRef = D7B48C1B2B8031F900A2A94A /* badvector.cpp */; };
		D7B48C272B80330000A2A94A /* magic.cpp in Sources */ = {isa = PBXBuildFile; fileRef = D7B48C262B80330000A2A94A /* magic.cpp */; };
		D7B88DD22B90610A00E6AE65 /* coord.cpp in Sources */ = {isa = PBXBuildFile; fileRef = D7B88DC52B9060EE00E6AE65 /* coord.cpp */; };
		D7B88DDA2B9062E900E6AE65 /* list.cpp in Sources */ = {isa = PBXBuildFile; fileRef = D7B88DD92B9062E900E6AE65 /* list.cpp */; };
		D7B88DE52B915B5400E6AE65 /* sorts.cpp in Sources */ = {isa = PBXBuildFile; fileRef = D7B88DE42B915B5400E6AE65 /* sorts.cpp */; };
/* End PBXBuildFile section */

/* Begin PBXCopyFilesBuildPhase section */
		D700531F2B905756002CA5BE /* CopyFiles */ = {
			isa = PBXCopyFilesBuildPhase;
			buildActionMask = 2147483647;
			dstPath = /usr/share/man/man1/;
			dstSubfolderSpec = 0;
			files = (
			);
			runOnlyForDeploymentPostprocessing = 1;
		};
		D7B48BF02B80288300A2A94A /* CopyFiles */ = {
			isa = PBXCopyFilesBuildPhase;
			buildActionMask = 2147483647;
			dstPath = /usr/share/man/man1/;
			dstSubfolderSpec = 0;
			files = (
			);
			runOnlyForDeploymentPostprocessing = 1;
		};
		D7B48C002B802B8100A2A94A /* CopyFiles */ = {
			isa = PBXCopyFilesBuildPhase;
			buildActionMask = 2147483647;
			dstPath = /usr/share/man/man1/;
			dstSubfolderSpec = 0;
			files = (
			);
			runOnlyForDeploymentPostprocessing = 1;
		};
		D7B48C0C2B802C2400A2A94A /* CopyFiles */ = {
			isa = PBXCopyFilesBuildPhase;
			buildActionMask = 2147483647;
			dstPath = /usr/share/man/man1/;
			dstSubfolderSpec = 0;
			files = (
			);
			runOnlyForDeploymentPostprocessing = 1;
		};
		D7B48C172B8031F900A2A94A /* CopyFiles */ = {
			isa = PBXCopyFilesBuildPhase;
			buildActionMask = 2147483647;
			dstPath = /usr/share/man/man1/;
			dstSubfolderSpec = 0;
			files = (
			);
			runOnlyForDeploymentPostprocessing = 1;
		};
		D7B48C222B80330000A2A94A /* CopyFiles */ = {
			isa = PBXCopyFilesBuildPhase;
			buildActionMask = 2147483647;
			dstPath = /usr/share/man/man1/;
			dstSubfolderSpec = 0;
			files = (
			);
			runOnlyForDeploymentPostprocessing = 1;
		};
		D7B88DC92B90610800E6AE65 /* CopyFiles */ = {
			isa = PBXCopyFilesBuildPhase;
			buildActionMask = 2147483647;
			dstPath = /usr/share/man/man1/;
			dstSubfolderSpec = 0;
			files = (
			);
			runOnlyForDeploymentPostprocessing = 1;
		};
		D7B88DD52B9062E900E6AE65 /* CopyFiles */ = {
			isa = PBXCopyFilesBuildPhase;
			buildActionMask = 2147483647;
			dstPath = /usr/share/man/man1/;
			dstSubfolderSpec = 0;
			files = (
			);
			runOnlyForDeploymentPostprocessing = 1;
		};
		D7B88DE02B915B5400E6AE65 /* CopyFiles */ = {
			isa = PBXCopyFilesBuildPhase;
			buildActionMask = 2147483647;
			dstPath = /usr/share/man/man1/;
			dstSubfolderSpec = 0;
			files = (
			);
			runOnlyForDeploymentPostprocessing = 1;
		};
/* End PBXCopyFilesBuildPhase section */

/* Begin PBXFileReference section */
		D70053212B905756002CA5BE /* map */ = {isa = PBXFileReference; explicitFileType = "compiled.mach-o.executable"; includeInIndex = 0; path = map; sourceTree = BUILT_PRODUCTS_DIR; };
		D70053282B905763002CA5BE /* Map.cpp */ = {isa = PBXFileReference; lastKnownFileType = sourcecode.cpp.cpp; path = Map.cpp; sourceTree = "<group>"; };
		D70053292B905763002CA5BE /* Map.h */ = {isa = PBXFileReference; lastKnownFileType = sourcecode.c.h; path = Map.h; sourceTree = "<group>"; };
		D7B48BF22B80288300A2A94A /* homework_4 */ = {isa = PBXFileReference; explicitFileType = "compiled.mach-o.executable"; includeInIndex = 0; path = homework_4; sourceTree = BUILT_PRODUCTS_DIR; };
		D7B48BF52B80288300A2A94A /* oddlist.cpp */ = {isa = PBXFileReference; lastKnownFileType = sourcecode.cpp.cpp; path = oddlist.cpp; sourceTree = "<group>"; };
		D7B48BFC2B802ABB00A2A94A /* oddvector.cpp */ = {isa = PBXFileReference; lastKnownFileType = sourcecode.cpp.cpp; path = oddvector.cpp; sourceTree = "<group>"; };
		D7B48C022B802B8100A2A94A /* oddvector */ = {isa = PBXFileReference; explicitFileType = "compiled.mach-o.executable"; includeInIndex = 0; path = oddvector; sourceTree = BUILT_PRODUCTS_DIR; };
		D7B48C0E2B802C2400A2A94A /* badlist */ = {isa = PBXFileReference; explicitFileType = "compiled.mach-o.executable"; includeInIndex = 0; path = badlist; sourceTree = BUILT_PRODUCTS_DIR; };
		D7B48C102B802C2400A2A94A /* badlist.cpp */ = {isa = PBXFileReference; lastKnownFileType = sourcecode.cpp.cpp; path = badlist.cpp; sourceTree = "<group>"; };
		D7B48C192B8031F900A2A94A /* badvector */ = {isa = PBXFileReference; explicitFileType = "compiled.mach-o.executable"; includeInIndex = 0; path = badvector; sourceTree = BUILT_PRODUCTS_DIR; };
		D7B48C1B2B8031F900A2A94A /* badvector.cpp */ = {isa = PBXFileReference; lastKnownFileType = sourcecode.cpp.cpp; path = badvector.cpp; sourceTree = "<group>"; };
		D7B48C242B80330000A2A94A /* magic */ = {isa = PBXFileReference; explicitFileType = "compiled.mach-o.executable"; includeInIndex = 0; path = magic; sourceTree = BUILT_PRODUCTS_DIR; };
		D7B48C262B80330000A2A94A /* magic.cpp */ = {isa = PBXFileReference; lastKnownFileType = sourcecode.cpp.cpp; path = magic.cpp; sourceTree = "<group>"; };
		D7B88DC52B9060EE00E6AE65 /* coord.cpp */ = {isa = PBXFileReference; lastKnownFileType = sourcecode.cpp.cpp; path = coord.cpp; sourceTree = "<group>"; };
		D7B88DCB2B90610800E6AE65 /* coord */ = {isa = PBXFileReference; explicitFileType = "compiled.mach-o.executable"; includeInIndex = 0; path = coord; sourceTree = BUILT_PRODUCTS_DIR; };
		D7B88DD72B9062E900E6AE65 /* list */ = {isa = PBXFileReference; explicitFileType = "compiled.mach-o.executable"; includeInIndex = 0; path = list; sourceTree = BUILT_PRODUCTS_DIR; };
		D7B88DD92B9062E900E6AE65 /* list.cpp */ = {isa = PBXFileReference; lastKnownFileType = sourcecode.cpp.cpp; path = list.cpp; sourceTree = "<group>"; };
		D7B88DE22B915B5400E6AE65 /* sorts */ = {isa = PBXFileReference; explicitFileType = "compiled.mach-o.executable"; includeInIndex = 0; path = sorts; sourceTree = BUILT_PRODUCTS_DIR; };
		D7B88DE42B915B5400E6AE65 /* sorts.cpp */ = {isa = PBXFileReference; lastKnownFileType = sourcecode.cpp.cpp; path = sorts.cpp; sourceTree = "<group>"; };
/* End PBXFileReference section */

/* Begin PBXFrameworksBuildPhase section */
		D700531E2B905756002CA5BE /* Frameworks */ = {
			isa = PBXFrameworksBuildPhase;
			buildActionMask = 2147483647;
			files = (
			);
			runOnlyForDeploymentPostprocessing = 0;
		};
		D7B48BEF2B80288300A2A94A /* Frameworks */ = {
			isa = PBXFrameworksBuildPhase;
			buildActionMask = 2147483647;
			files = (
			);
			runOnlyForDeploymentPostprocessing = 0;
		};
		D7B48BFF2B802B8100A2A94A /* Frameworks */ = {
			isa = PBXFrameworksBuildPhase;
			buildActionMask = 2147483647;
			files = (
			);
			runOnlyForDeploymentPostprocessing = 0;
		};
		D7B48C0B2B802C2400A2A94A /* Frameworks */ = {
			isa = PBXFrameworksBuildPhase;
			buildActionMask = 2147483647;
			files = (
			);
			runOnlyForDeploymentPostprocessing = 0;
		};
		D7B48C162B8031F900A2A94A /* Frameworks */ = {
			isa = PBXFrameworksBuildPhase;
			buildActionMask = 2147483647;
			files = (
			);
			runOnlyForDeploymentPostprocessing = 0;
		};
		D7B48C212B80330000A2A94A /* Frameworks */ = {
			isa = PBXFrameworksBuildPhase;
			buildActionMask = 2147483647;
			files = (
			);
			runOnlyForDeploymentPostprocessing = 0;
		};
		D7B88DC82B90610800E6AE65 /* Frameworks */ = {
			isa = PBXFrameworksBuildPhase;
			buildActionMask = 2147483647;
			files = (
			);
			runOnlyForDeploymentPostprocessing = 0;
		};
		D7B88DD42B9062E900E6AE65 /* Frameworks */ = {
			isa = PBXFrameworksBuildPhase;
			buildActionMask = 2147483647;
			files = (
			);
			runOnlyForDeploymentPostprocessing = 0;
		};
		D7B88DDF2B915B5400E6AE65 /* Frameworks */ = {
			isa = PBXFrameworksBuildPhase;
			buildActionMask = 2147483647;
			files = (
			);
			runOnlyForDeploymentPostprocessing = 0;
		};
/* End PBXFrameworksBuildPhase section */

/* Begin PBXGroup section */
		D70053222B905756002CA5BE /* Map */ = {
			isa = PBXGroup;
			children = (
				D70053282B905763002CA5BE /* Map.cpp */,
				D70053292B905763002CA5BE /* Map.h */,
			);
			path = Map;
			sourceTree = "<group>";
		};
		D7B48BE92B80288300A2A94A = {
			isa = PBXGroup;
			children = (
				D7B48BF42B80288300A2A94A /* oddlist */,
				D7B48C032B802B8200A2A94A /* oddvector */,
				D7B48C0F2B802C2400A2A94A /* badlist */,
				D7B48C1A2B8031F900A2A94A /* badvector */,
				D7B48C252B80330000A2A94A /* magic */,
				D70053222B905756002CA5BE /* Map */,
				D7B88DCC2B90610800E6AE65 /* coord */,
				D7B88DD82B9062E900E6AE65 /* list */,
				D7B88DE32B915B5400E6AE65 /* sorts */,
				D7B48BF32B80288300A2A94A /* Products */,
			);
			sourceTree = "<group>";
		};
		D7B48BF32B80288300A2A94A /* Products */ = {
			isa = PBXGroup;
			children = (
				D7B48BF22B80288300A2A94A /* homework_4 */,
				D7B48C022B802B8100A2A94A /* oddvector */,
				D7B48C0E2B802C2400A2A94A /* badlist */,
				D7B48C192B8031F900A2A94A /* badvector */,
				D7B48C242B80330000A2A94A /* magic */,
				D70053212B905756002CA5BE /* map */,
				D7B88DCB2B90610800E6AE65 /* coord */,
				D7B88DD72B9062E900E6AE65 /* list */,
				D7B88DE22B915B5400E6AE65 /* sorts */,
			);
			name = Products;
			sourceTree = "<group>";
		};
		D7B48BF42B80288300A2A94A /* oddlist */ = {
			isa = PBXGroup;
			children = (
				D7B48BF52B80288300A2A94A /* oddlist.cpp */,
			);
			path = oddlist;
			sourceTree = "<group>";
		};
		D7B48C032B802B8200A2A94A /* oddvector */ = {
			isa = PBXGroup;
			children = (
				D7B48BFC2B802ABB00A2A94A /* oddvector.cpp */,
			);
			path = oddvector;
			sourceTree = "<group>";
		};
		D7B48C0F2B802C2400A2A94A /* badlist */ = {
			isa = PBXGroup;
			children = (
				D7B48C102B802C2400A2A94A /* badlist.cpp */,
			);
			path = badlist;
			sourceTree = "<group>";
		};
		D7B48C1A2B8031F900A2A94A /* badvector */ = {
			isa = PBXGroup;
			children = (
				D7B48C1B2B8031F900A2A94A /* badvector.cpp */,
			);
			path = badvector;
			sourceTree = "<group>";
		};
		D7B48C252B80330000A2A94A /* magic */ = {
			isa = PBXGroup;
			children = (
				D7B48C262B80330000A2A94A /* magic.cpp */,
			);
			path = magic;
			sourceTree = "<group>";
		};
		D7B88DCC2B90610800E6AE65 /* coord */ = {
			isa = PBXGroup;
			children = (
				D7B88DC52B9060EE00E6AE65 /* coord.cpp */,
			);
			path = coord;
			sourceTree = "<group>";
		};
		D7B88DD82B9062E900E6AE65 /* list */ = {
			isa = PBXGroup;
			children = (
				D7B88DD92B9062E900E6AE65 /* list.cpp */,
			);
			path = list;
			sourceTree = "<group>";
		};
		D7B88DE32B915B5400E6AE65 /* sorts */ = {
			isa = PBXGroup;
			children = (
				D7B88DE42B915B5400E6AE65 /* sorts.cpp */,
			);
			path = sorts;
			sourceTree = "<group>";
		};
/* End PBXGroup section */

/* Begin PBXNativeTarget section */
		D70053202B905756002CA5BE /* map */ = {
			isa = PBXNativeTarget;
			buildConfigurationList = D70053272B905756002CA5BE /* Build configuration list for PBXNativeTarget "map" */;
			buildPhases = (
				D700531D2B905756002CA5BE /* Sources */,
				D700531E2B905756002CA5BE /* Frameworks */,
				D700531F2B905756002CA5BE /* CopyFiles */,
			);
			buildRules = (
			);
			dependencies = (
			);
			name = map;
			productName = map;
			productReference = D70053212B905756002CA5BE /* map */;
			productType = "com.apple.product-type.tool";
		};
		D7B48BF12B80288300A2A94A /* homework_4 */ = {
			isa = PBXNativeTarget;
			buildConfigurationList = D7B48BF92B80288300A2A94A /* Build configuration list for PBXNativeTarget "homework_4" */;
			buildPhases = (
				D7B48BEE2B80288300A2A94A /* Sources */,
				D7B48BEF2B80288300A2A94A /* Frameworks */,
				D7B48BF02B80288300A2A94A /* CopyFiles */,
			);
			buildRules = (
			);
			dependencies = (
			);
			name = homework_4;
			productName = homework_4;
			productReference = D7B48BF22B80288300A2A94A /* homework_4 */;
			productType = "com.apple.product-type.tool";
		};
		D7B48C012B802B8100A2A94A /* oddvector */ = {
			isa = PBXNativeTarget;
			buildConfigurationList = D7B48C062B802B8200A2A94A /* Build configuration list for PBXNativeTarget "oddvector" */;
			buildPhases = (
				D7B48BFE2B802B8100A2A94A /* Sources */,
				D7B48BFF2B802B8100A2A94A /* Frameworks */,
				D7B48C002B802B8100A2A94A /* CopyFiles */,
			);
			buildRules = (
			);
			dependencies = (
			);
			name = oddvector;
			productName = oddvector;
			productReference = D7B48C022B802B8100A2A94A /* oddvector */;
			productType = "com.apple.product-type.tool";
		};
		D7B48C0D2B802C2400A2A94A /* badlist */ = {
			isa = PBXNativeTarget;
			buildConfigurationList = D7B48C122B802C2400A2A94A /* Build configuration list for PBXNativeTarget "badlist" */;
			buildPhases = (
				D7B48C0A2B802C2400A2A94A /* Sources */,
				D7B48C0B2B802C2400A2A94A /* Frameworks */,
				D7B48C0C2B802C2400A2A94A /* CopyFiles */,
			);
			buildRules = (
			);
			dependencies = (
			);
			name = badlist;
			productName = badlist;
			productReference = D7B48C0E2B802C2400A2A94A /* badlist */;
			productType = "com.apple.product-type.tool";
		};
		D7B48C182B8031F900A2A94A /* badvector */ = {
			isa = PBXNativeTarget;
			buildConfigurationList = D7B48C1D2B8031F900A2A94A /* Build configuration list for PBXNativeTarget "badvector" */;
			buildPhases = (
				D7B48C152B8031F900A2A94A /* Sources */,
				D7B48C162B8031F900A2A94A /* Frameworks */,
				D7B48C172B8031F900A2A94A /* CopyFiles */,
			);
			buildRules = (
			);
			dependencies = (
			);
			name = badvector;
			productName = badvector;
			productReference = D7B48C192B8031F900A2A94A /* badvector */;
			productType = "com.apple.product-type.tool";
		};
		D7B48C232B80330000A2A94A /* magic */ = {
			isa = PBXNativeTarget;
			buildConfigurationList = D7B48C282B80330000A2A94A /* Build configuration list for PBXNativeTarget "magic" */;
			buildPhases = (
				D7B48C202B80330000A2A94A /* Sources */,
				D7B48C212B80330000A2A94A /* Frameworks */,
				D7B48C222B80330000A2A94A /* CopyFiles */,
			);
			buildRules = (
			);
			dependencies = (
			);
			name = magic;
			productName = magic;
			productReference = D7B48C242B80330000A2A94A /* magic */;
			productType = "com.apple.product-type.tool";
		};
		D7B88DCA2B90610800E6AE65 /* coord */ = {
			isa = PBXNativeTarget;
			buildConfigurationList = D7B88DCF2B90610800E6AE65 /* Build configuration list for PBXNativeTarget "coord" */;
			buildPhases = (
				D7B88DC72B90610800E6AE65 /* Sources */,
				D7B88DC82B90610800E6AE65 /* Frameworks */,
				D7B88DC92B90610800E6AE65 /* CopyFiles */,
			);
			buildRules = (
			);
			dependencies = (
			);
			name = coord;
			productName = coord;
			productReference = D7B88DCB2B90610800E6AE65 /* coord */;
			productType = "com.apple.product-type.tool";
		};
		D7B88DD62B9062E900E6AE65 /* list */ = {
			isa = PBXNativeTarget;
			buildConfigurationList = D7B88DDB2B9062E900E6AE65 /* Build configuration list for PBXNativeTarget "list" */;
			buildPhases = (
				D7B88DD32B9062E900E6AE65 /* Sources */,
				D7B88DD42B9062E900E6AE65 /* Frameworks */,
				D7B88DD52B9062E900E6AE65 /* CopyFiles */,
			);
			buildRules = (
			);
			dependencies = (
			);
			name = list;
			productName = list;
			productReference = D7B88DD72B9062E900E6AE65 /* list */;
			productType = "com.apple.product-type.tool";
		};
		D7B88DE12B915B5400E6AE65 /* sorts */ = {
			isa = PBXNativeTarget;
			buildConfigurationList = D7B88DE62B915B5400E6AE65 /* Build configuration list for PBXNativeTarget "sorts" */;
			buildPhases = (
				D7B88DDE2B915B5400E6AE65 /* Sources */,
				D7B88DDF2B915B5400E6AE65 /* Frameworks */,
				D7B88DE02B915B5400E6AE65 /* CopyFiles */,
			);
			buildRules = (
			);
			dependencies = (
			);
			name = sorts;
			productName = sorts;
			productReference = D7B88DE22B915B5400E6AE65 /* sorts */;
			productType = "com.apple.product-type.tool";
		};
/* End PBXNativeTarget section */

/* Begin PBXProject section */
		D7B48BEA2B80288300A2A94A /* Project object */ = {
			isa = PBXProject;
			attributes = {
				BuildIndependentTargetsInParallel = 1;
				LastUpgradeCheck = 1500;
				TargetAttributes = {
					D70053202B905756002CA5BE = {
						CreatedOnToolsVersion = 15.0.1;
					};
					D7B48BF12B80288300A2A94A = {
						CreatedOnToolsVersion = 15.0.1;
					};
					D7B48C012B802B8100A2A94A = {
						CreatedOnToolsVersion = 15.0.1;
					};
					D7B48C0D2B802C2400A2A94A = {
						CreatedOnToolsVersion = 15.0.1;
					};
					D7B48C182B8031F900A2A94A = {
						CreatedOnToolsVersion = 15.0.1;
					};
					D7B48C232B80330000A2A94A = {
						CreatedOnToolsVersion = 15.0.1;
					};
					D7B88DCA2B90610800E6AE65 = {
						CreatedOnToolsVersion = 15.0.1;
					};
					D7B88DD62B9062E900E6AE65 = {
						CreatedOnToolsVersion = 15.0.1;
					};
					D7B88DE12B915B5400E6AE65 = {
						CreatedOnToolsVersion = 15.0.1;
					};
				};
			};
			buildConfigurationList = D7B48BED2B80288300A2A94A /* Build configuration list for PBXProject "homework_4" */;
			compatibilityVersion = "Xcode 14.0";
			developmentRegion = en;
			hasScannedForEncodings = 0;
			knownRegions = (
				en,
				Base,
			);
			mainGroup = D7B48BE92B80288300A2A94A;
			productRefGroup = D7B48BF32B80288300A2A94A /* Products */;
			projectDirPath = "";
			projectRoot = "";
			targets = (
				D7B48BF12B80288300A2A94A /* homework_4 */,
				D7B48C012B802B8100A2A94A /* oddvector */,
				D7B48C0D2B802C2400A2A94A /* badlist */,
				D7B48C182B8031F900A2A94A /* badvector */,
				D7B48C232B80330000A2A94A /* magic */,
				D70053202B905756002CA5BE /* map */,
				D7B88DCA2B90610800E6AE65 /* coord */,
				D7B88DD62B9062E900E6AE65 /* list */,
				D7B88DE12B915B5400E6AE65 /* sorts */,
			);
		};
/* End PBXProject section */

/* Begin PBXSourcesBuildPhase section */
		D700531D2B905756002CA5BE /* Sources */ = {
			isa = PBXSourcesBuildPhase;
			buildActionMask = 2147483647;
			files = (
				D700532A2B905763002CA5BE /* Map.cpp in Sources */,
			);
			runOnlyForDeploymentPostprocessing = 0;
		};
		D7B48BEE2B80288300A2A94A /* Sources */ = {
			isa = PBXSourcesBuildPhase;
			buildActionMask = 2147483647;
			files = (
				D7B48BF62B80288300A2A94A /* oddlist.cpp in Sources */,
			);
			runOnlyForDeploymentPostprocessing = 0;
		};
		D7B48BFE2B802B8100A2A94A /* Sources */ = {
			isa = PBXSourcesBuildPhase;
			buildActionMask = 2147483647;
			files = (
				D7B48C092B802B8700A2A94A /* oddvector.cpp in Sources */,
			);
			runOnlyForDeploymentPostprocessing = 0;
		};
		D7B48C0A2B802C2400A2A94A /* Sources */ = {
			isa = PBXSourcesBuildPhase;
			buildActionMask = 2147483647;
			files = (
				D7B48C112B802C2400A2A94A /* badlist.cpp in Sources */,
			);
			runOnlyForDeploymentPostprocessing = 0;
		};
		D7B48C152B8031F900A2A94A /* Sources */ = {
			isa = PBXSourcesBuildPhase;
			buildActionMask = 2147483647;
			files = (
				D7B48C1C2B8031F900A2A94A /* badvector.cpp in Sources */,
			);
			runOnlyForDeploymentPostprocessing = 0;
		};
		D7B48C202B80330000A2A94A /* Sources */ = {
			isa = PBXSourcesBuildPhase;
			buildActionMask = 2147483647;
			files = (
				D7B48C272B80330000A2A94A /* magic.cpp in Sources */,
			);
			runOnlyForDeploymentPostprocessing = 0;
		};
		D7B88DC72B90610800E6AE65 /* Sources */ = {
			isa = PBXSourcesBuildPhase;
			buildActionMask = 2147483647;
			files = (
				D7B88DD22B90610A00E6AE65 /* coord.cpp in Sources */,
			);
			runOnlyForDeploymentPostprocessing = 0;
		};
		D7B88DD32B9062E900E6AE65 /* Sources */ = {
			isa = PBXSourcesBuildPhase;
			buildActionMask = 2147483647;
			files = (
				D7B88DDA2B9062E900E6AE65 /* list.cpp in Sources */,
			);
			runOnlyForDeploymentPostprocessing = 0;
		};
		D7B88DDE2B915B5400E6AE65 /* Sources */ = {
			isa = PBXSourcesBuildPhase;
			buildActionMask = 2147483647;
			files = (
				D7B88DE52B915B5400E6AE65 /* sorts.cpp in Sources */,
			);
			runOnlyForDeploymentPostprocessing = 0;
		};
/* End PBXSourcesBuildPhase section */

/* Begin XCBuildConfiguration section */
		D70053252B905756002CA5BE /* Debug */ = {
			isa = XCBuildConfiguration;
			buildSettings = {
				CODE_SIGN_STYLE = Automatic;
				PRODUCT_NAME = "$(TARGET_NAME)";
			};
			name = Debug;
		};
		D70053262B905756002CA5BE /* Release */ = {
			isa = XCBuildConfiguration;
			buildSettings = {
				CODE_SIGN_STYLE = Automatic;
				PRODUCT_NAME = "$(TARGET_NAME)";
			};
			name = Release;
		};
		D7B48BF72B80288300A2A94A /* Debug */ = {
			isa = XCBuildConfiguration;
			buildSettings = {
				ALWAYS_SEARCH_USER_PATHS = NO;
				ASSETCATALOG_COMPILER_GENERATE_SWIFT_ASSET_SYMBOL_EXTENSIONS = YES;
				CLANG_ANALYZER_NONNULL = YES;
				CLANG_ANALYZER_NUMBER_OBJECT_CONVERSION = YES_AGGRESSIVE;
				CLANG_CXX_LANGUAGE_STANDARD = "gnu++20";
				CLANG_ENABLE_MODULES = YES;
				CLANG_ENABLE_OBJC_ARC = YES;
				CLANG_ENABLE_OBJC_WEAK = YES;
				CLANG_WARN_BLOCK_CAPTURE_AUTORELEASING = YES;
				CLANG_WARN_BOOL_CONVERSION = YES;
				CLANG_WARN_COMMA = YES;
				CLANG_WARN_CONSTANT_CONVERSION = YES;
				CLANG_WARN_DEPRECATED_OBJC_IMPLEMENTATIONS = YES;
				CLANG_WARN_DIRECT_OBJC_ISA_USAGE = YES_ERROR;
				CLANG_WARN_DOCUMENTATION_COMMENTS = YES;
				CLANG_WARN_EMPTY_BODY = YES;
				CLANG_WARN_ENUM_CONVERSION = YES;
				CLANG_WARN_INFINITE_RECURSION = YES;
				CLANG_WARN_INT_CONVERSION = YES;
				CLANG_WARN_NON_LITERAL_NULL_CONVERSION = YES;
				CLANG_WARN_OBJC_IMPLICIT_RETAIN_SELF = YES;
				CLANG_WARN_OBJC_LITERAL_CONVERSION = YES;
				CLANG_WARN_OBJC_ROOT_CLASS = YES_ERROR;
				CLANG_WARN_QUOTED_INCLUDE_IN_FRAMEWORK_HEADER = YES;
				CLANG_WARN_RANGE_LOOP_ANALYSIS = YES;
				CLANG_WARN_STRICT_PROTOTYPES = YES;
				CLANG_WARN_SUSPICIOUS_MOVE = YES;
				CLANG_WARN_UNGUARDED_AVAILABILITY = YES_AGGRESSIVE;
				CLANG_WARN_UNREACHABLE_CODE = YES;
				CLANG_WARN__DUPLICATE_METHOD_MATCH = YES;
				COPY_PHASE_STRIP = NO;
				DEBUG_INFORMATION_FORMAT = dwarf;
				ENABLE_STRICT_OBJC_MSGSEND = YES;
				ENABLE_TESTABILITY = YES;
				ENABLE_USER_SCRIPT_SANDBOXING = YES;
				GCC_C_LANGUAGE_STANDARD = gnu17;
				GCC_DYNAMIC_NO_PIC = NO;
				GCC_NO_COMMON_BLOCKS = YES;
				GCC_OPTIMIZATION_LEVEL = 0;
				GCC_PREPROCESSOR_DEFINITIONS = (
					"DEBUG=1",
					"$(inherited)",
				);
				GCC_WARN_64_TO_32_BIT_CONVERSION = YES;
				GCC_WARN_ABOUT_RETURN_TYPE = YES_ERROR;
				GCC_WARN_UNDECLARED_SELECTOR = YES;
				GCC_WARN_UNINITIALIZED_AUTOS = YES_AGGRESSIVE;
				GCC_WARN_UNUSED_FUNCTION = YES;
				GCC_WARN_UNUSED_VARIABLE = YES;
				LOCALIZATION_PREFERS_STRING_CATALOGS = YES;
				MACOSX_DEPLOYMENT_TARGET = 14.0;
				MTL_ENABLE_DEBUG_INFO = INCLUDE_SOURCE;
				MTL_FAST_MATH = YES;
				ONLY_ACTIVE_ARCH = YES;
				SDKROOT = macosx;
			};
			name = Debug;
		};
		D7B48BF82B80288300A2A94A /* Release */ = {
			isa = XCBuildConfiguration;
			buildSettings = {
				ALWAYS_SEARCH_USER_PATHS = NO;
				ASSETCATALOG_COMPILER_GENERATE_SWIFT_ASSET_SYMBOL_EXTENSIONS = YES;
				CLANG_ANALYZER_NONNULL = YES;
				CLANG_ANALYZER_NUMBER_OBJECT_CONVERSION = YES_AGGRESSIVE;
				CLANG_CXX_LANGUAGE_STANDARD = "gnu++20";
				CLANG_ENABLE_MODULES = YES;
				CLANG_ENABLE_OBJC_ARC = YES;
				CLANG_ENABLE_OBJC_WEAK = YES;
				CLANG_WARN_BLOCK_CAPTURE_AUTORELEASING = YES;
				CLANG_WARN_BOOL_CONVERSION = YES;
				CLANG_WARN_COMMA = YES;
				CLANG_WARN_CONSTANT_CONVERSION = YES;
				CLANG_WARN_DEPRECATED_OBJC_IMPLEMENTATIONS = YES;
				CLANG_WARN_DIRECT_OBJC_ISA_USAGE = YES_ERROR;
				CLANG_WARN_DOCUMENTATION_COMMENTS = YES;
				CLANG_WARN_EMPTY_BODY = YES;
				CLANG_WARN_ENUM_CONVERSION = YES;
				CLANG_WARN_INFINITE_RECURSION = YES;
				CLANG_WARN_INT_CONVERSION = YES;
				CLANG_WARN_NON_LITERAL_NULL_CONVERSION = YES;
				CLANG_WARN_OBJC_IMPLICIT_RETAIN_SELF = YES;
				CLANG_WARN_OBJC_LITERAL_CONVERSION = YES;
				CLANG_WARN_OBJC_ROOT_CLASS = YES_ERROR;
				CLANG_WARN_QUOTED_INCLUDE_IN_FRAMEWORK_HEADER = YES;
				CLANG_WARN_RANGE_LOOP_ANALYSIS = YES;
				CLANG_WARN_STRICT_PROTOTYPES = YES;
				CLANG_WARN_SUSPICIOUS_MOVE = YES;
				CLANG_WARN_UNGUARDED_AVAILABILITY = YES_AGGRESSIVE;
				CLANG_WARN_UNREACHABLE_CODE = YES;
				CLANG_WARN__DUPLICATE_METHOD_MATCH = YES;
				COPY_PHASE_STRIP = NO;
				DEBUG_INFORMATION_FORMAT = "dwarf-with-dsym";
				ENABLE_NS_ASSERTIONS = NO;
				ENABLE_STRICT_OBJC_MSGSEND = YES;
				ENABLE_USER_SCRIPT_SANDBOXING = YES;
				GCC_C_LANGUAGE_STANDARD = gnu17;
				GCC_NO_COMMON_BLOCKS = YES;
				GCC_WARN_64_TO_32_BIT_CONVERSION = YES;
				GCC_WARN_ABOUT_RETURN_TYPE = YES_ERROR;
				GCC_WARN_UNDECLARED_SELECTOR = YES;
				GCC_WARN_UNINITIALIZED_AUTOS = YES_AGGRESSIVE;
				GCC_WARN_UNUSED_FUNCTION = YES;
				GCC_WARN_UNUSED_VARIABLE = YES;
				LOCALIZATION_PREFERS_STRING_CATALOGS = YES;
				MACOSX_DEPLOYMENT_TARGET = 14.0;
				MTL_ENABLE_DEBUG_INFO = NO;
				MTL_FAST_MATH = YES;
				SDKROOT = macosx;
			};
			name = Release;
		};
		D7B48BFA2B80288300A2A94A /* Debug */ = {
			isa = XCBuildConfiguration;
			buildSettings = {
				CODE_SIGN_STYLE = Automatic;
				PRODUCT_NAME = "$(TARGET_NAME)";
			};
			name = Debug;
		};
		D7B48BFB2B80288300A2A94A /* Release */ = {
			isa = XCBuildConfiguration;
			buildSettings = {
				CODE_SIGN_STYLE = Automatic;
				PRODUCT_NAME = "$(TARGET_NAME)";
			};
			name = Release;
		};
		D7B48C072B802B8200A2A94A /* Debug */ = {
			isa = XCBuildConfiguration;
			buildSettings = {
				CODE_SIGN_STYLE = Automatic;
				PRODUCT_NAME = "$(TARGET_NAME)";
			};
			name = Debug;
		};
		D7B48C082B802B8200A2A94A /* Release */ = {
			isa = XCBuildConfiguration;
			buildSettings = {
				CODE_SIGN_STYLE = Automatic;
				PRODUCT_NAME = "$(TARGET_NAME)";
			};
			name = Release;
		};
		D7B48C132B802C2400A2A94A /* Debug */ = {
			isa = XCBuildConfiguration;
			buildSettings = {
				CODE_SIGN_STYLE = Automatic;
				PRODUCT_NAME = "$(TARGET_NAME)";
			};
			name = Debug;
		};
		D7B48C142B802C2400A2A94A /* Release */ = {
			isa = XCBuildConfiguration;
			buildSettings = {
				CODE_SIGN_STYLE = Automatic;
				PRODUCT_NAME = "$(TARGET_NAME)";
			};
			name = Release;
		};
		D7B48C1E2B8031F900A2A94A /* Debug */ = {
			isa = XCBuildConfiguration;
			buildSettings = {
				CODE_SIGN_STYLE = Automatic;
				PRODUCT_NAME = "$(TARGET_NAME)";
			};
			name = Debug;
		};
		D7B48C1F2B8031F900A2A94A /* Release */ = {
			isa = XCBuildConfiguration;
			buildSettings = {
				CODE_SIGN_STYLE = Automatic;
				PRODUCT_NAME = "$(TARGET_NAME)";
			};
			name = Release;
		};
		D7B48C292B80330000A2A94A /* Debug */ = {
			isa = XCBuildConfiguration;
			buildSettings = {
				CODE_SIGN_STYLE = Automatic;
				PRODUCT_NAME = "$(TARGET_NAME)";
			};
			name = Debug;
		};
		D7B48C2A2B80330000A2A94A /* Release */ = {
			isa = XCBuildConfiguration;
			buildSettings = {
				CODE_SIGN_STYLE = Automatic;
				PRODUCT_NAME = "$(TARGET_NAME)";
			};
			name = Release;
		};
		D7B88DD02B90610800E6AE65 /* Debug */ = {
			isa = XCBuildConfiguration;
			buildSettings = {
				CODE_SIGN_STYLE = Automatic;
				PRODUCT_NAME = "$(TARGET_NAME)";
			};
			name = Debug;
		};
		D7B88DD12B90610800E6AE65 /* Release */ = {
			isa = XCBuildConfiguration;
			buildSettings = {
				CODE_SIGN_STYLE = Automatic;
				PRODUCT_NAME = "$(TARGET_NAME)";
			};
			name = Release;
		};
		D7B88DDC2B9062E900E6AE65 /* Debug */ = {
			isa = XCBuildConfiguration;
			buildSettings = {
				CODE_SIGN_STYLE = Automatic;
				PRODUCT_NAME = "$(TARGET_NAME)";
			};
			name = Debug;
		};
		D7B88DDD2B9062E900E6AE65 /* Release */ = {
			isa = XCBuildConfiguration;
			buildSettings = {
				CODE_SIGN_STYLE = Automatic;
				PRODUCT_NAME = "$(TARGET_NAME)";
			};
			name = Release;
		};
		D7B88DE72B915B5400E6AE65 /* Debug */ = {
			isa = XCBuildConfiguration;
			buildSettings = {
				CODE_SIGN_STYLE = Automatic;
				PRODUCT_NAME = "$(TARGET_NAME)";
			};
			name = Debug;
		};
		D7B88DE82B915B5400E6AE65 /* Release */ = {
			isa = XCBuildConfiguration;
			buildSettings = {
				CODE_SIGN_STYLE = Automatic;
				PRODUCT_NAME = "$(TARGET_NAME)";
			};
			name = Release;
		};
/* End XCBuildConfiguration section */

/* Begin XCConfigurationList section */
		D70053272B905756002CA5BE /* Build configuration list for PBXNativeTarget "map" */ = {
			isa = XCConfigurationList;
			buildConfigurations = (
				D70053252B905756002CA5BE /* Debug */,
				D70053262B905756002CA5BE /* Release */,
			);
			defaultConfigurationIsVisible = 0;
			defaultConfigurationName = Release;
		};
		D7B48BED2B80288300A2A94A /* Build configuration list for PBXProject "homework_4" */ = {
			isa = XCConfigurationList;
			buildConfigurations = (
				D7B48BF72B80288300A2A94A /* Debug */,
				D7B48BF82B80288300A2A94A /* Release */,
			);
			defaultConfigurationIsVisible = 0;
			defaultConfigurationName = Release;
		};
		D7B48BF92B80288300A2A94A /* Build configuration list for PBXNativeTarget "homework_4" */ = {
			isa = XCConfigurationList;
			buildConfigurations = (
				D7B48BFA2B80288300A2A94A /* Debug */,
				D7B48BFB2B80288300A2A94A /* Release */,
			);
			defaultConfigurationIsVisible = 0;
			defaultConfigurationName = Release;
		};
		D7B48C062B802B8200A2A94A /* Build configuration list for PBXNativeTarget "oddvector" */ = {
			isa = XCConfigurationList;
			buildConfigurations = (
				D7B48C072B802B8200A2A94A /* Debug */,
				D7B48C082B802B8200A2A94A /* Release */,
			);
			defaultConfigurationIsVisible = 0;
			defaultConfigurationName = Release;
		};
		D7B48C122B802C2400A2A94A /* Build configuration list for PBXNativeTarget "badlist" */ = {
			isa = XCConfigurationList;
			buildConfigurations = (
				D7B48C132B802C2400A2A94A /* Debug */,
				D7B48C142B802C2400A2A94A /* Release */,
			);
			defaultConfigurationIsVisible = 0;
			defaultConfigurationName = Release;
		};
		D7B48C1D2B8031F900A2A94A /* Build configuration list for PBXNativeTarget "badvector" */ = {
			isa = XCConfigurationList;
			buildConfigurations = (
				D7B48C1E2B8031F900A2A94A /* Debug */,
				D7B48C1F2B8031F900A2A94A /* Release */,
			);
			defaultConfigurationIsVisible = 0;
			defaultConfigurationName = Release;
		};
		D7B48C282B80330000A2A94A /* Build configuration list for PBXNativeTarget "magic" */ = {
			isa = XCConfigurationList;
			buildConfigurations = (
				D7B48C292B80330000A2A94A /* Debug */,
				D7B48C2A2B80330000A2A94A /* Release */,
			);
			defaultConfigurationIsVisible = 0;
			defaultConfigurationName = Release;
		};
		D7B88DCF2B90610800E6AE65 /* Build configuration list for PBXNativeTarget "coord" */ = {
			isa = XCConfigurationList;
			buildConfigurations = (
				D7B88DD02B90610800E6AE65 /* Debug */,
				D7B88DD12B90610800E6AE65 /* Release */,
			);
			defaultConfigurationIsVisible = 0;
			defaultConfigurationName = Release;
		};
		D7B88DDB2B9062E900E6AE65 /* Build configuration list for PBXNativeTarget "list" */ = {
			isa = XCConfigurationList;
			buildConfigurations = (
				D7B88DDC2B9062E900E6AE65 /* Debug */,
				D7B88DDD2B9062E900E6AE65 /* Release */,
			);
			defaultConfigurationIsVisible = 0;
			defaultConfigurationName = Release;
		};
		D7B88DE62B915B5400E6AE65 /* Build configuration list for PBXNativeTarget "sorts" */ = {
			isa = XCConfigurationList;
			buildConfigurations = (
				D7B88DE72B915B5400E6AE65 /* Debug */,
				D7B88DE82B915B5400E6AE65 /* Release */,
			);
			defaultConfigurationIsVisible = 0;
			defaultConfigurationName = Release;
		};
/* End XCConfigurationList section */
	};
	rootObject = D7B48BEA2B80288300A2A94A /* Project object */;
}
